
Microsoft Visual Studio Solution File, Format Version 12.00
# Visual Studio 14
VisualStudioVersion = 14.0.25420.1
MinimumVisualStudioVersion = 10.0.40219.1
Project("{FAE04EC0-301F-11D3-BF4B-00C04F79EFBC}") = "MainMenuView", "ArraySorting\MainMenuView.csproj", "{D2421914-C36E-41BA-AE41-C9E85F92DC6D}"
EndProject
Project("{FAE04EC0-301F-11D3-BF4B-00C04F79EFBC}") = "ISorter", "ISorter\ISorter.csproj", "{C04676B2-A746-46B2-A7E4-01296794A766}"
EndProject
Project("{FAE04EC0-301F-11D3-BF4B-00C04F79EFBC}") = "RandomArrayCreator", "RandomArrayCreator\RandomArrayCreator.csproj", "{96102E62-434D-4C78-BA99-D0BD2956F6F7}"
EndProject
Project("{FAE04EC0-301F-11D3-BF4B-00C04F79EFBC}") = "ManuallyInputtingArrayCreator", "ManuallyInputtingArray\ManuallyInputtingArrayCreator.csproj", "{2A64B000-C743-40BA-AC2E-003FC214E954}"
EndProject
Project("{FAE04EC0-301F-11D3-BF4B-00C04F79EFBC}") = "LoadingArrayFromDataBase", "LoadingArrayFromDataBase\LoadingArrayFromDataBase.csproj", "{D59EDE5B-13FF-40BF-B657-80C76BD178D6}"
EndProject
Project("{2150E333-8FDC-42A3-9474-1A3956D46DE8}") = "ArrayCreators", "ArrayCreators", "{E52E4800-DA5B-48E0-A145-4925F81135CC}"
EndProject
Project("{2150E333-8FDC-42A3-9474-1A3956D46DE8}") = "Model", "Model", "{B0D01CEF-4C2F-4AF5-9EED-36E27E579E4B}"
EndProject
Project("{FAE04EC0-301F-11D3-BF4B-00C04F79EFBC}") = "Model", "Model\Model.csproj", "{7021CE4D-46EF-4CF1-907A-6F2FAA1EBCD4}"
EndProject
Project("{FAE04EC0-301F-11D3-BF4B-00C04F79EFBC}") = "IModel", "IModel\IModel.csproj", "{A8ED2CAF-B318-4FA5-A77C-E424DC155DB7}"
EndProject
Project("{2150E333-8FDC-42A3-9474-1A3956D46DE8}") = "Presenters", "Presenters", "{24843EF9-6913-4808-BF38-EB171CF0CFD0}"
EndProject
Project("{FAE04EC0-301F-11D3-BF4B-00C04F79EFBC}") = "MainMenuPresenter", "MainMenuPresenter\MainMenuPresenter.csproj", "{69F6FEF3-9AA9-4046-A2E8-ED1E905D9556}"
EndProject
Project("{2150E333-8FDC-42A3-9474-1A3956D46DE8}") = "View", "View", "{DEE082A7-2AB7-4740-8708-714742E25DA5}"
EndProject
Project("{FAE04EC0-301F-11D3-BF4B-00C04F79EFBC}") = "OutputSortedArrayPresenter", "OutputSortedArrayPresenter\OutputSortedArrayPresenter.csproj", "{4418EF58-FEB7-4F03-AAB8-33C771BB59A0}"
EndProject
Project("{FAE04EC0-301F-11D3-BF4B-00C04F79EFBC}") = "OutputSortedArrayView", "WindowsFormsControlLibrary1\OutputSortedArrayView.csproj", "{42572C88-9516-49F7-BB10-F1C58550CD27}"
EndProject
Project("{2150E333-8FDC-42A3-9474-1A3956D46DE8}") = "View.Interfaces", "View.Interfaces", "{3F8850DC-1A15-4248-81CC-42B90C735755}"
EndProject
Project("{FAE04EC0-301F-11D3-BF4B-00C04F79EFBC}") = "IMainMenuView", "IMainMenuView\IMainMenuView.csproj", "{C5EFDF8D-2ED7-46C8-9CF8-BFFD98BA99CE}"
EndProject
Project("{FAE04EC0-301F-11D3-BF4B-00C04F79EFBC}") = "IOutputSortedArrayView", "IOutputSortedArrayView\IOutputSortedArrayView.csproj", "{C8E6E357-06BB-4D39-BEED-66F9C1D607D1}"
EndProject
Global
	GlobalSection(SolutionConfigurationPlatforms) = preSolution
		Debug|Any CPU = Debug|Any CPU
		Release|Any CPU = Release|Any CPU
	EndGlobalSection
	GlobalSection(ProjectConfigurationPlatforms) = postSolution
		{D2421914-C36E-41BA-AE41-C9E85F92DC6D}.Debug|Any CPU.ActiveCfg = Debug|Any CPU
		{D2421914-C36E-41BA-AE41-C9E85F92DC6D}.Debug|Any CPU.Build.0 = Debug|Any CPU
		{D2421914-C36E-41BA-AE41-C9E85F92DC6D}.Release|Any CPU.ActiveCfg = Release|Any CPU
		{D2421914-C36E-41BA-AE41-C9E85F92DC6D}.Release|Any CPU.Build.0 = Release|Any CPU
		{C04676B2-A746-46B2-A7E4-01296794A766}.Debug|Any CPU.ActiveCfg = Debug|Any CPU
		{C04676B2-A746-46B2-A7E4-01296794A766}.Debug|Any CPU.Build.0 = Debug|Any CPU
		{C04676B2-A746-46B2-A7E4-01296794A766}.Release|Any CPU.ActiveCfg = Release|Any CPU
		{C04676B2-A746-46B2-A7E4-01296794A766}.Release|Any CPU.Build.0 = Release|Any CPU
		{96102E62-434D-4C78-BA99-D0BD2956F6F7}.Debug|Any CPU.ActiveCfg = Debug|Any CPU
		{96102E62-434D-4C78-BA99-D0BD2956F6F7}.Debug|Any CPU.Build.0 = Debug|Any CPU
		{96102E62-434D-4C78-BA99-D0BD2956F6F7}.Release|Any CPU.ActiveCfg = Release|Any CPU
		{96102E62-434D-4C78-BA99-D0BD2956F6F7}.Release|Any CPU.Build.0 = Release|Any CPU
		{2A64B000-C743-40BA-AC2E-003FC214E954}.Debug|Any CPU.ActiveCfg = Debug|Any CPU
		{2A64B000-C743-40BA-AC2E-003FC214E954}.Debug|Any CPU.Build.0 = Debug|Any CPU
		{2A64B000-C743-40BA-AC2E-003FC214E954}.Release|Any CPU.ActiveCfg = Release|Any CPU
		{2A64B000-C743-40BA-AC2E-003FC214E954}.Release|Any CPU.Build.0 = Release|Any CPU
		{D59EDE5B-13FF-40BF-B657-80C76BD178D6}.Debug|Any CPU.ActiveCfg = Debug|Any CPU
		{D59EDE5B-13FF-40BF-B657-80C76BD178D6}.Debug|Any CPU.Build.0 = Debug|Any CPU
		{D59EDE5B-13FF-40BF-B657-80C76BD178D6}.Release|Any CPU.ActiveCfg = Release|Any CPU
		{D59EDE5B-13FF-40BF-B657-80C76BD178D6}.Release|Any CPU.Build.0 = Release|Any CPU
		{7021CE4D-46EF-4CF1-907A-6F2FAA1EBCD4}.Debug|Any CPU.ActiveCfg = Debug|Any CPU
		{7021CE4D-46EF-4CF1-907A-6F2FAA1EBCD4}.Debug|Any CPU.Build.0 = Debug|Any CPU
		{7021CE4D-46EF-4CF1-907A-6F2FAA1EBCD4}.Release|Any CPU.ActiveCfg = Release|Any CPU
		{7021CE4D-46EF-4CF1-907A-6F2FAA1EBCD4}.Release|Any CPU.Build.0 = Release|Any CPU
		{A8ED2CAF-B318-4FA5-A77C-E424DC155DB7}.Debug|Any CPU.ActiveCfg = Debug|Any CPU
		{A8ED2CAF-B318-4FA5-A77C-E424DC155DB7}.Debug|Any CPU.Build.0 = Debug|Any CPU
		{A8ED2CAF-B318-4FA5-A77C-E424DC155DB7}.Release|Any CPU.ActiveCfg = Release|Any CPU
		{A8ED2CAF-B318-4FA5-A77C-E424DC155DB7}.Release|Any CPU.Build.0 = Release|Any CPU
		{69F6FEF3-9AA9-4046-A2E8-ED1E905D9556}.Debug|Any CPU.ActiveCfg = Debug|Any CPU
		{69F6FEF3-9AA9-4046-A2E8-ED1E905D9556}.Debug|Any CPU.Build.0 = Debug|Any CPU
		{69F6FEF3-9AA9-4046-A2E8-ED1E905D9556}.Release|Any CPU.ActiveCfg = Release|Any CPU
		{69F6FEF3-9AA9-4046-A2E8-ED1E905D9556}.Release|Any CPU.Build.0 = Release|Any CPU
		{4418EF58-FEB7-4F03-AAB8-33C771BB59A0}.Debug|Any CPU.ActiveCfg = Debug|Any CPU
		{4418EF58-FEB7-4F03-AAB8-33C771BB59A0}.Debug|Any CPU.Build.0 = Debug|Any CPU
		{4418EF58-FEB7-4F03-AAB8-33C771BB59A0}.Release|Any CPU.ActiveCfg = Release|Any CPU
		{4418EF58-FEB7-4F03-AAB8-33C771BB59A0}.Release|Any CPU.Build.0 = Release|Any CPU
		{42572C88-9516-49F7-BB10-F1C58550CD27}.Debug|Any CPU.ActiveCfg = Debug|Any CPU
		{42572C88-9516-49F7-BB10-F1C58550CD27}.Debug|Any CPU.Build.0 = Debug|Any CPU
		{42572C88-9516-49F7-BB10-F1C58550CD27}.Release|Any CPU.ActiveCfg = Release|Any CPU
		{42572C88-9516-49F7-BB10-F1C58550CD27}.Release|Any CPU.Build.0 = Release|Any CPU
		{C5EFDF8D-2ED7-46C8-9CF8-BFFD98BA99CE}.Debug|Any CPU.ActiveCfg = Debug|Any CPU
		{C5EFDF8D-2ED7-46C8-9CF8-BFFD98BA99CE}.Debug|Any CPU.Build.0 = Debug|Any CPU
		{C5EFDF8D-2ED7-46C8-9CF8-BFFD98BA99CE}.Release|Any CPU.ActiveCfg = Release|Any CPU
		{C5EFDF8D-2ED7-46C8-9CF8-BFFD98BA99CE}.Release|Any CPU.Build.0 = Release|Any CPU
		{C8E6E357-06BB-4D39-BEED-66F9C1D607D1}.Debug|Any CPU.ActiveCfg = Debug|Any CPU
		{C8E6E357-06BB-4D39-BEED-66F9C1D607D1}.Debug|Any CPU.Build.0 = Debug|Any CPU
		{C8E6E357-06BB-4D39-BEED-66F9C1D607D1}.Release|Any CPU.ActiveCfg = Release|Any CPU
		{C8E6E357-06BB-4D39-BEED-66F9C1D607D1}.Release|Any CPU.Build.0 = Release|Any CPU
	EndGlobalSection
	GlobalSection(SolutionProperties) = preSolution
		HideSolutionNode = FALSE
	EndGlobalSection
	GlobalSection(NestedProjects) = preSolution
		{D2421914-C36E-41BA-AE41-C9E85F92DC6D} = {DEE082A7-2AB7-4740-8708-714742E25DA5}
		{C04676B2-A746-46B2-A7E4-01296794A766} = {B0D01CEF-4C2F-4AF5-9EED-36E27E579E4B}
		{96102E62-434D-4C78-BA99-D0BD2956F6F7} = {E52E4800-DA5B-48E0-A145-4925F81135CC}
		{2A64B000-C743-40BA-AC2E-003FC214E954} = {E52E4800-DA5B-48E0-A145-4925F81135CC}
		{D59EDE5B-13FF-40BF-B657-80C76BD178D6} = {E52E4800-DA5B-48E0-A145-4925F81135CC}
		{7021CE4D-46EF-4CF1-907A-6F2FAA1EBCD4} = {B0D01CEF-4C2F-4AF5-9EED-36E27E579E4B}
		{A8ED2CAF-B318-4FA5-A77C-E424DC155DB7} = {B0D01CEF-4C2F-4AF5-9EED-36E27E579E4B}
		{69F6FEF3-9AA9-4046-A2E8-ED1E905D9556} = {24843EF9-6913-4808-BF38-EB171CF0CFD0}
		{4418EF58-FEB7-4F03-AAB8-33C771BB59A0} = {24843EF9-6913-4808-BF38-EB171CF0CFD0}
		{42572C88-9516-49F7-BB10-F1C58550CD27} = {DEE082A7-2AB7-4740-8708-714742E25DA5}
		{3F8850DC-1A15-4248-81CC-42B90C735755} = {DEE082A7-2AB7-4740-8708-714742E25DA5}
		{C5EFDF8D-2ED7-46C8-9CF8-BFFD98BA99CE} = {3F8850DC-1A15-4248-81CC-42B90C735755}
		{C8E6E357-06BB-4D39-BEED-66F9C1D607D1} = {3F8850DC-1A15-4248-81CC-42B90C735755}
	EndGlobalSection
EndGlobal
